// !$*UTF8*$!
{
	archiveVersion = 1;
	classes = {
	};
	objectVersion = 56;
	objects = {

/* Begin PBXBuildFile section */
		9CAFD48C29B22C3700FBEA9C /* AppDelegate.swift in Sources */ = {isa = PBXBuildFile; fileRef = 9CAFD48B29B22C3700FBEA9C /* AppDelegate.swift */; };
		9CAFD48E29B22C3700FBEA9C /* SceneDelegate.swift in Sources */ = {isa = PBXBuildFile; fileRef = 9CAFD48D29B22C3700FBEA9C /* SceneDelegate.swift */; };
		9CAFD49029B22C3700FBEA9C /* ViewController.swift in Sources */ = {isa = PBXBuildFile; fileRef = 9CAFD48F29B22C3700FBEA9C /* ViewController.swift */; };
		9CAFD49329B22C3700FBEA9C /* Main.storyboard in Resources */ = {isa = PBXBuildFile; fileRef = 9CAFD49129B22C3700FBEA9C /* Main.storyboard */; };
		9CAFD49529B22C3800FBEA9C /* Assets.xcassets in Resources */ = {isa = PBXBuildFile; fileRef = 9CAFD49429B22C3800FBEA9C /* Assets.xcassets */; };
		9CAFD49829B22C3800FBEA9C /* LaunchScreen.storyboard in Resources */ = {isa = PBXBuildFile; fileRef = 9CAFD49629B22C3800FBEA9C /* LaunchScreen.storyboard */; };
		9CAFD4A329B22C3900FBEA9C /* MyFirstAppTests.swift in Sources */ = {isa = PBXBuildFile; fileRef = 9CAFD4A229B22C3900FBEA9C /* MyFirstAppTests.swift */; };
		9CAFD4AD29B22C3900FBEA9C /* MyFirstAppUITests.swift in Sources */ = {isa = PBXBuildFile; fileRef = 9CAFD4AC29B22C3900FBEA9C /* MyFirstAppUITests.swift */; };
		9CAFD4AF29B22C3900FBEA9C /* MyFirstAppUITestsLaunchTests.swift in Sources */ = {isa = PBXBuildFile; fileRef = 9CAFD4AE29B22C3900FBEA9C /* MyFirstAppUITestsLaunchTests.swift */; };
/* End PBXBuildFile section */

/* Begin PBXContainerItemProxy section */
		9CAFD49F29B22C3900FBEA9C /* PBXContainerItemProxy */ = {
			isa = PBXContainerItemProxy;
			containerPortal = 9CAFD48029B22C3700FBEA9C /* Project object */;
			proxyType = 1;
			remoteGlobalIDString = 9CAFD48729B22C3700FBEA9C;
			remoteInfo = MyFirstApp;
		};
		9CAFD4A929B22C3900FBEA9C /* PBXContainerItemProxy */ = {
			isa = PBXContainerItemProxy;
			containerPortal = 9CAFD48029B22C3700FBEA9C /* Project object */;
			proxyType = 1;
			remoteGlobalIDString = 9CAFD48729B22C3700FBEA9C;
			remoteInfo = MyFirstApp;
		};
/* End PBXContainerItemProxy section */

/* Begin PBXFileReference section */
		9CAFD48829B22C3700FBEA9C /* MyFirstApp.app */ = {isa = PBXFileReference; explicitFileType = wrapper.application; includeInIndex = 0; path = MyFirstApp.app; sourceTree = BUILT_PRODUCTS_DIR; };
		9CAFD48B29B22C3700FBEA9C /* AppDelegate.swift */ = {isa = PBXFileReference; lastKnownFileType = sourcecode.swift; path = AppDelegate.swift; sourceTree = "<group>"; };
		9CAFD48D29B22C3700FBEA9C /* SceneDelegate.swift */ = {isa = PBXFileReference; lastKnownFileType = sourcecode.swift; path = SceneDelegate.swift; sourceTree = "<group>"; };
		9CAFD48F29B22C3700FBEA9C /* ViewController.swift */ = {isa = PBXFileReference; lastKnownFileType = sourcecode.swift; path = ViewController.swift; sourceTree = "<group>"; };
		9CAFD49229B22C3700FBEA9C /* Base */ = {isa = PBXFileReference; lastKnownFileType = file.storyboard; name = Base; path = Base.lproj/Main.storyboard; sourceTree = "<group>"; };
		9CAFD49429B22C3800FBEA9C /* Assets.xcassets */ = {isa = PBXFileReference; lastKnownFileType = folder.assetcatalog; path = Assets.xcassets; sourceTree = "<group>"; };
		9CAFD49729B22C3800FBEA9C /* Base */ = {isa = PBXFileReference; lastKnownFileType = file.storyboard; name = Base; path = Base.lproj/LaunchScreen.storyboard; sourceTree = "<group>"; };
		9CAFD49929B22C3800FBEA9C /* Info.plist */ = {isa = PBXFileReference; lastKnownFileType = text.plist.xml; path = Info.plist; sourceTree = "<group>"; };
		9CAFD49E29B22C3900FBEA9C /* MyFirstAppTests.xctest */ = {isa = PBXFileReference; explicitFileType = wrapper.cfbundle; includeInIndex = 0; path = MyFirstAppTests.xctest; sourceTree = BUILT_PRODUCTS_DIR; };
		9CAFD4A229B22C3900FBEA9C /* MyFirstAppTests.swift */ = {isa = PBXFileReference; lastKnownFileType = sourcecode.swift; path = MyFirstAppTests.swift; sourceTree = "<group>"; };
		9CAFD4A829B22C3900FBEA9C /* MyFirstAppUITests.xctest */ = {isa = PBXFileReference; explicitFileType = wrapper.cfbundle; includeInIndex = 0; path = MyFirstAppUITests.xctest; sourceTree = BUILT_PRODUCTS_DIR; };
		9CAFD4AC29B22C3900FBEA9C /* MyFirstAppUITests.swift */ = {isa = PBXFileReference; lastKnownFileType = sourcecode.swift; path = MyFirstAppUITests.swift; sourceTree = "<group>"; };
		9CAFD4AE29B22C3900FBEA9C /* MyFirstAppUITestsLaunchTests.swift */ = {isa = PBXFileReference; lastKnownFileType = sourcecode.swift; path = MyFirstAppUITestsLaunchTests.swift; sourceTree = "<group>"; };
/* End PBXFileReference section */

/* Begin PBXFrameworksBuildPhase section */
		9CAFD48529B22C3700FBEA9C /* Frameworks */ = {
			isa = PBXFrameworksBuildPhase;
			buildActionMask = 2147483647;
			files = (
			);
			runOnlyForDeploymentPostprocessing = 0;
		};
		9CAFD49B29B22C3900FBEA9C /* Frameworks */ = {
			isa = PBXFrameworksBuildPhase;
			buildActionMask = 2147483647;
			files = (
			);
			runOnlyForDeploymentPostprocessing = 0;
		};
		9CAFD4A529B22C3900FBEA9C /* Frameworks */ = {
			isa = PBXFrameworksBuildPhase;
			buildActionMask = 2147483647;
			files = (
			);
			runOnlyForDeploymentPostprocessing = 0;
		};
/* End PBXFrameworksBuildPhase section */

/* Begin PBXGroup section */
		9CAFD47F29B22C3700FBEA9C = {
			isa = PBXGroup;
			children = (
				9CAFD48A29B22C3700FBEA9C /* MyFirstApp */,
				9CAFD4A129B22C3900FBEA9C /* MyFirstAppTests */,
				9CAFD4AB29B22C3900FBEA9C /* MyFirstAppUITests */,
				9CAFD48929B22C3700FBEA9C /* Products */,
			);
			sourceTree = "<group>";
		};
		9CAFD48929B22C3700FBEA9C /* Products */ = {
			isa = PBXGroup;
			children = (
				9CAFD48829B22C3700FBEA9C /* MyFirstApp.app */,
				9CAFD49E29B22C3900FBEA9C /* MyFirstAppTests.xctest */,
				9CAFD4A829B22C3900FBEA9C /* MyFirstAppUITests.xctest */,
			);
			name = Products;
			sourceTree = "<group>";
		};
		9CAFD48A29B22C3700FBEA9C /* MyFirstApp */ = {
			isa = PBXGroup;
			children = (
				9CAFD48B29B22C3700FBEA9C /* AppDelegate.swift */,
				9CAFD48D29B22C3700FBEA9C /* SceneDelegate.swift */,
				9CAFD48F29B22C3700FBEA9C /* ViewController.swift */,
				9CAFD49129B22C3700FBEA9C /* Main.storyboard */,
				9CAFD49429B22C3800FBEA9C /* Assets.xcassets */,
				9CAFD49629B22C3800FBEA9C /* LaunchScreen.storyboard */,
				9CAFD49929B22C3800FBEA9C /* Info.plist */,
			);
			path = MyFirstApp;
			sourceTree = "<group>";
		};
		9CAFD4A129B22C3900FBEA9C /* MyFirstAppTests */ = {
			isa = PBXGroup;
			children = (
				9CAFD4A229B22C3900FBEA9C /* MyFirstAppTests.swift */,
			);
			path = MyFirstAppTests;
			sourceTree = "<group>";
		};
		9CAFD4AB29B22C3900FBEA9C /* MyFirstAppUITests */ = {
			isa = PBXGroup;
			children = (
				9CAFD4AC29B22C3900FBEA9C /* MyFirstAppUITests.swift */,
				9CAFD4AE29B22C3900FBEA9C /* MyFirstAppUITestsLaunchTests.swift */,
			);
			path = MyFirstAppUITests;
			sourceTree = "<group>";
		};
/* End PBXGroup section */

/* Begin PBXNativeTarget section */
		9CAFD48729B22C3700FBEA9C /* MyFirstApp */ = {
			isa = PBXNativeTarget;
			buildConfigurationList = 9CAFD4B229B22C3900FBEA9C /* Build configuration list for PBXNativeTarget "MyFirstApp" */;
			buildPhases = (
				9CAFD48429B22C3700FBEA9C /* Sources */,
				9CAFD48529B22C3700FBEA9C /* Frameworks */,
				9CAFD48629B22C3700FBEA9C /* Resources */,
			);
			buildRules = (
			);
			dependencies = (
			);
			name = MyFirstApp;
			productName = MyFirstApp;
			productReference = 9CAFD48829B22C3700FBEA9C /* MyFirstApp.app */;
			productType = "com.apple.product-type.application";
		};
		9CAFD49D29B22C3900FBEA9C /* MyFirstAppTests */ = {
			isa = PBXNativeTarget;
			buildConfigurationList = 9CAFD4B529B22C3900FBEA9C /* Build configuration list for PBXNativeTarget "MyFirstAppTests" */;
			buildPhases = (
				9CAFD49A29B22C3900FBEA9C /* Sources */,
				9CAFD49B29B22C3900FBEA9C /* Frameworks */,
				9CAFD49C29B22C3900FBEA9C /* Resources */,
			);
			buildRules = (
			);
			dependencies = (
				9CAFD4A029B22C3900FBEA9C /* PBXTargetDependency */,
			);
			name = MyFirstAppTests;
			productName = MyFirstAppTests;
			productReference = 9CAFD49E29B22C3900FBEA9C /* MyFirstAppTests.xctest */;
			productType = "com.apple.product-type.bundle.unit-test";
		};
		9CAFD4A729B22C3900FBEA9C /* MyFirstAppUITests */ = {
			isa = PBXNativeTarget;
			buildConfigurationList = 9CAFD4B829B22C3900FBEA9C /* Build configuration list for PBXNativeTarget "MyFirstAppUITests" */;
			buildPhases = (
				9CAFD4A429B22C3900FBEA9C /* Sources */,
				9CAFD4A529B22C3900FBEA9C /* Frameworks */,
				9CAFD4A629B22C3900FBEA9C /* Resources */,
			);
			buildRules = (
			);
			dependencies = (
				9CAFD4AA29B22C3900FBEA9C /* PBXTargetDependency */,
			);
			name = MyFirstAppUITests;
			productName = MyFirstAppUITests;
			productReference = 9CAFD4A829B22C3900FBEA9C /* MyFirstAppUITests.xctest */;
			productType = "com.apple.product-type.bundle.ui-testing";
		};
/* End PBXNativeTarget section */

/* Begin PBXProject section */
		9CAFD48029B22C3700FBEA9C /* Project object */ = {
			isa = PBXProject;
			attributes = {
				BuildIndependentTargetsInParallel = 1;
				LastSwiftUpdateCheck = 1420;
				LastUpgradeCheck = 1420;
				TargetAttributes = {
					9CAFD48729B22C3700FBEA9C = {
						CreatedOnToolsVersion = 14.2;
					};
					9CAFD49D29B22C3900FBEA9C = {
						CreatedOnToolsVersion = 14.2;
						TestTargetID = 9CAFD48729B22C3700FBEA9C;
					};
					9CAFD4A729B22C3900FBEA9C = {
						CreatedOnToolsVersion = 14.2;
						TestTargetID = 9CAFD48729B22C3700FBEA9C;
					};
				};
			};
			buildConfigurationList = 9CAFD48329B22C3700FBEA9C /* Build configuration list for PBXProject "MyFirstApp" */;
			compatibilityVersion = "Xcode 14.0";
			developmentRegion = en;
			hasScannedForEncodings = 0;
			knownRegions = (
				en,
				Base,
			);
			mainGroup = 9CAFD47F29B22C3700FBEA9C;
			productRefGroup = 9CAFD48929B22C3700FBEA9C /* Products */;
			projectDirPath = "";
			projectRoot = "";
			targets = (
				9CAFD48729B22C3700FBEA9C /* MyFirstApp */,
				9CAFD49D29B22C3900FBEA9C /* MyFirstAppTests */,
				9CAFD4A729B22C3900FBEA9C /* MyFirstAppUITests */,
			);
		};
/* End PBXProject section */

/* Begin PBXResourcesBuildPhase section */
		9CAFD48629B22C3700FBEA9C /* Resources */ = {
			isa = PBXResourcesBuildPhase;
			buildActionMask = 2147483647;
			files = (
				9CAFD49829B22C3800FBEA9C /* LaunchScreen.storyboard in Resources */,
				9CAFD49529B22C3800FBEA9C /* Assets.xcassets in Resources */,
				9CAFD49329B22C3700FBEA9C /* Main.storyboard in Resources */,
			);
			runOnlyForDeploymentPostprocessing = 0;
		};
		9CAFD49C29B22C3900FBEA9C /* Resources */ = {
			isa = PBXResourcesBuildPhase;
			buildActionMask = 2147483647;
			files = (
			);
			runOnlyForDeploymentPostprocessing = 0;
		};
		9CAFD4A629B22C3900FBEA9C /* Resources */ = {
			isa = PBXResourcesBuildPhase;
			buildActionMask = 2147483647;
			files = (
			);
			runOnlyForDeploymentPostprocessing = 0;
		};
/* End PBXResourcesBuildPhase section */

/* Begin PBXSourcesBuildPhase section */
		9CAFD48429B22C3700FBEA9C /* Sources */ = {
			isa = PBXSourcesBuildPhase;
			buildActionMask = 2147483647;
			files = (
				9CAFD49029B22C3700FBEA9C /* ViewController.swift in Sources */,
				9CAFD48C29B22C3700FBEA9C /* AppDelegate.swift in Sources */,
				9CAFD48E29B22C3700FBEA9C /* SceneDelegate.swift in Sources */,
			);
			runOnlyForDeploymentPostprocessing = 0;
		};
		9CAFD49A29B22C3900FBEA9C /* Sources */ = {
			isa = PBXSourcesBuildPhase;
			buildActionMask = 2147483647;
			files = (
				9CAFD4A329B22C3900FBEA9C /* MyFirstAppTests.swift in Sources */,
			);
			runOnlyForDeploymentPostprocessing = 0;
		};
		9CAFD4A429B22C3900FBEA9C /* Sources */ = {
			isa = PBXSourcesBuildPhase;
			buildActionMask = 2147483647;
			files = (
				9CAFD4AD29B22C3900FBEA9C /* MyFirstAppUITests.swift in Sources */,
				9CAFD4AF29B22C3900FBEA9C /* MyFirstAppUITestsLaunchTests.swift in Sources */,
			);
			runOnlyForDeploymentPostprocessing = 0;
		};
/* End PBXSourcesBuildPhase section */

/* Begin PBXTargetDependency section */
		9CAFD4A029B22C3900FBEA9C /* PBXTargetDependency */ = {
			isa = PBXTargetDependency;
			target = 9CAFD48729B22C3700FBEA9C /* MyFirstApp */;
			targetProxy = 9CAFD49F29B22C3900FBEA9C /* PBXContainerItemProxy */;
		};
		9CAFD4AA29B22C3900FBEA9C /* PBXTargetDependency */ = {
			isa = PBXTargetDependency;
			target = 9CAFD48729B22C3700FBEA9C /* MyFirstApp */;
			targetProxy = 9CAFD4A929B22C3900FBEA9C /* PBXContainerItemProxy */;
		};
/* End PBXTargetDependency section */

/* Begin PBXVariantGroup section */
		9CAFD49129B22C3700FBEA9C /* Main.storyboard */ = {
			isa = PBXVariantGroup;
			children = (
				9CAFD49229B22C3700FBEA9C /* Base */,
			);
			name = Main.storyboard;
			sourceTree = "<group>";
		};
		9CAFD49629B22C3800FBEA9C /* LaunchScreen.storyboard */ = {
			isa = PBXVariantGroup;
			children = (
				9CAFD49729B22C3800FBEA9C /* Base */,
			);
			name = LaunchScreen.storyboard;
			sourceTree = "<group>";
		};
/* End PBXVariantGroup section */

/* Begin XCBuildConfiguration section */
		9CAFD4B029B22C3900FBEA9C /* Debug */ = {
			isa = XCBuildConfiguration;
			buildSettings = {
				ALWAYS_SEARCH_USER_PATHS = NO;
				CLANG_ANALYZER_NONNULL = YES;
				CLANG_ANALYZER_NUMBER_OBJECT_CONVERSION = YES_AGGRESSIVE;
				CLANG_CXX_LANGUAGE_STANDARD = "gnu++20";
				CLANG_ENABLE_MODULES = YES;
				CLANG_ENABLE_OBJC_ARC = YES;
				CLANG_ENABLE_OBJC_WEAK = YES;
				CLANG_WARN_BLOCK_CAPTURE_AUTORELEASING = YES;
				CLANG_WARN_BOOL_CONVERSION = YES;
				CLANG_WARN_COMMA = YES;
				CLANG_WARN_CONSTANT_CONVERSION = YES;
				CLANG_WARN_DEPRECATED_OBJC_IMPLEMENTATIONS = YES;
				CLANG_WARN_DIRECT_OBJC_ISA_USAGE = YES_ERROR;
				CLANG_WARN_DOCUMENTATION_COMMENTS = YES;
				CLANG_WARN_EMPTY_BODY = YES;
				CLANG_WARN_ENUM_CONVERSION = YES;
				CLANG_WARN_INFINITE_RECURSION = YES;
				CLANG_WARN_INT_CONVERSION = YES;
				CLANG_WARN_NON_LITERAL_NULL_CONVERSION = YES;
				CLANG_WARN_OBJC_IMPLICIT_RETAIN_SELF = YES;
				CLANG_WARN_OBJC_LITERAL_CONVERSION = YES;
				CLANG_WARN_OBJC_ROOT_CLASS = YES_ERROR;
				CLANG_WARN_QUOTED_INCLUDE_IN_FRAMEWORK_HEADER = YES;
				CLANG_WARN_RANGE_LOOP_ANALYSIS = YES;
				CLANG_WARN_STRICT_PROTOTYPES = YES;
				CLANG_WARN_SUSPICIOUS_MOVE = YES;
				CLANG_WARN_UNGUARDED_AVAILABILITY = YES_AGGRESSIVE;
				CLANG_WARN_UNREACHABLE_CODE = YES;
				CLANG_WARN__DUPLICATE_METHOD_MATCH = YES;
				COPY_PHASE_STRIP = NO;
				DEBUG_INFORMATION_FORMAT = dwarf;
				ENABLE_STRICT_OBJC_MSGSEND = YES;
				ENABLE_TESTABILITY = YES;
				GCC_C_LANGUAGE_STANDARD = gnu11;
				GCC_DYNAMIC_NO_PIC = NO;
				GCC_NO_COMMON_BLOCKS = YES;
				GCC_OPTIMIZATION_LEVEL = 0;
				GCC_PREPROCESSOR_DEFINITIONS = (
					"DEBUG=1",
					"$(inherited)",
				);
				GCC_WARN_64_TO_32_BIT_CONVERSION = YES;
				GCC_WARN_ABOUT_RETURN_TYPE = YES_ERROR;
				GCC_WARN_UNDECLARED_SELECTOR = YES;
				GCC_WARN_UNINITIALIZED_AUTOS = YES_AGGRESSIVE;
				GCC_WARN_UNUSED_FUNCTION = YES;
				GCC_WARN_UNUSED_VARIABLE = YES;
				IPHONEOS_DEPLOYMENT_TARGET = 16.2;
				MTL_ENABLE_DEBUG_INFO = INCLUDE_SOURCE;
				MTL_FAST_MATH = YES;
				ONLY_ACTIVE_ARCH = YES;
				SDKROOT = iphoneos;
				SWIFT_ACTIVE_COMPILATION_CONDITIONS = DEBUG;
				SWIFT_OPTIMIZATION_LEVEL = "-Onone";
			};
			name = Debug;
		};
		9CAFD4B129B22C3900FBEA9C /* Release */ = {
			isa = XCBuildConfiguration;
			buildSettings = {
				ALWAYS_SEARCH_USER_PATHS = NO;
				CLANG_ANALYZER_NONNULL = YES;
				CLANG_ANALYZER_NUMBER_OBJECT_CONVERSION = YES_AGGRESSIVE;
				CLANG_CXX_LANGUAGE_STANDARD = "gnu++20";
				CLANG_ENABLE_MODULES = YES;
				CLANG_ENABLE_OBJC_ARC = YES;
				CLANG_ENABLE_OBJC_WEAK = YES;
				CLANG_WARN_BLOCK_CAPTURE_AUTORELEASING = YES;
				CLANG_WARN_BOOL_CONVERSION = YES;
				CLANG_WARN_COMMA = YES;
				CLANG_WARN_CONSTANT_CONVERSION = YES;
				CLANG_WARN_DEPRECATED_OBJC_IMPLEMENTATIONS = YES;
				CLANG_WARN_DIRECT_OBJC_ISA_USAGE = YES_ERROR;
				CLANG_WARN_DOCUMENTATION_COMMENTS = YES;
				CLANG_WARN_EMPTY_BODY = YES;
				CLANG_WARN_ENUM_CONVERSION = YES;
				CLANG_WARN_INFINITE_RECURSION = YES;
				CLANG_WARN_INT_CONVERSION = YES;
				CLANG_WARN_NON_LITERAL_NULL_CONVERSION = YES;
				CLANG_WARN_OBJC_IMPLICIT_RETAIN_SELF = YES;
				CLANG_WARN_OBJC_LITERAL_CONVERSION = YES;
				CLANG_WARN_OBJC_ROOT_CLASS = YES_ERROR;
				CLANG_WARN_QUOTED_INCLUDE_IN_FRAMEWORK_HEADER = YES;
				CLANG_WARN_RANGE_LOOP_ANALYSIS = YES;
				CLANG_WARN_STRICT_PROTOTYPES = YES;
				CLANG_WARN_SUSPICIOUS_MOVE = YES;
				CLANG_WARN_UNGUARDED_AVAILABILITY = YES_AGGRESSIVE;
				CLANG_WARN_UNREACHABLE_CODE = YES;
				CLANG_WARN__DUPLICATE_METHOD_MATCH = YES;
				COPY_PHASE_STRIP = NO;
				DEBUG_INFORMATION_FORMAT = "dwarf-with-dsym";
				ENABLE_NS_ASSERTIONS = NO;
				ENABLE_STRICT_OBJC_MSGSEND = YES;
				GCC_C_LANGUAGE_STANDARD = gnu11;
				GCC_NO_COMMON_BLOCKS = YES;
				GCC_WARN_64_TO_32_BIT_CONVERSION = YES;
				GCC_WARN_ABOUT_RETURN_TYPE = YES_ERROR;
				GCC_WARN_UNDECLARED_SELECTOR = YES;
				GCC_WARN_UNINITIALIZED_AUTOS = YES_AGGRESSIVE;
				GCC_WARN_UNUSED_FUNCTION = YES;
				GCC_WARN_UNUSED_VARIABLE = YES;
				IPHONEOS_DEPLOYMENT_TARGET = 16.2;
				MTL_ENABLE_DEBUG_INFO = NO;
				MTL_FAST_MATH = YES;
				SDKROOT = iphoneos;
				SWIFT_COMPILATION_MODE = wholemodule;
				SWIFT_OPTIMIZATION_LEVEL = "-O";
				VALIDATE_PRODUCT = YES;
			};
			name = Release;
		};
		9CAFD4B329B22C3900FBEA9C /* Debug */ = {
			isa = XCBuildConfiguration;
			buildSettings = {
				ASSETCATALOG_COMPILER_APPICON_NAME = AppIcon;
				ASSETCATALOG_COMPILER_GLOBAL_ACCENT_COLOR_NAME = AccentColor;
				CODE_SIGN_STYLE = Automatic;
				CURRENT_PROJECT_VERSION = 1;
				GENERATE_INFOPLIST_FILE = YES;
				INFOPLIST_FILE = MyFirstApp/Info.plist;
				INFOPLIST_KEY_UIApplicationSupportsIndirectInputEvents = YES;
				INFOPLIST_KEY_UILaunchStoryboardName = LaunchScreen;
				INFOPLIST_KEY_UIMainStoryboardFile = Main;
				INFOPLIST_KEY_UISupportedInterfaceOrientations_iPad = "UIInterfaceOrientationPortrait UIInterfaceOrientationPortraitUpsideDown UIInterfaceOrientationLandscapeLeft UIInterfaceOrientationLandscapeRight";
				INFOPLIST_KEY_UISupportedInterfaceOrientations_iPhone = "UIInterfaceOrientationPortrait UIInterfaceOrientationLandscapeLeft UIInterfaceOrientationLandscapeRight";
				LD_RUNPATH_SEARCH_PATHS = (
					"$(inherited)",
					"@executable_path/Frameworks",
				);
				MARKETING_VERSION = 1.0;
				PRODUCT_BUNDLE_IDENTIFIER = stkim.MyFirstApp;
				PRODUCT_NAME = "$(TARGET_NAME)";
				SWIFT_EMIT_LOC_STRINGS = YES;
				SWIFT_VERSION = 5.0;
				TARGETED_DEVICE_FAMILY = "1,2";
			};
			name = Debug;
		};
		9CAFD4B429B22C3900FBEA9C /* Release */ = {
			isa = XCBuildConfiguration;
			buildSettings = {
				ASSETCATALOG_COMPILER_APPICON_NAME = AppIcon;
				ASSETCATALOG_COMPILER_GLOBAL_ACCENT_COLOR_NAME = AccentColor;
				CODE_SIGN_STYLE = Automatic;
				CURRENT_PROJECT_VERSION = 1;
				GENERATE_INFOPLIST_FILE = YES;
				INFOPLIST_FILE = MyFirstApp/Info.plist;
				INFOPLIST_KEY_UIApplicationSupportsIndirectInputEvents = YES;
				INFOPLIST_KEY_UILaunchStoryboardName = LaunchScreen;
				INFOPLIST_KEY_UIMainStoryboardFile = Main;
				INFOPLIST_KEY_UISupportedInterfaceOrientations_iPad = "UIInterfaceOrientationPortrait UIInterfaceOrientationPortraitUpsideDown UIInterfaceOrientationLandscapeLeft UIInterfaceOrientationLandscapeRight";
				INFOPLIST_KEY_UISupportedInterfaceOrientations_iPhone = "UIInterfaceOrientationPortrait UIInterfaceOrientationLandscapeLeft UIInterfaceOrientationLandscapeRight";
				LD_RUNPATH_SEARCH_PATHS = (
					"$(inherited)",
					"@executable_path/Frameworks",
				);
				MARKETING_VERSION = 1.0;
				PRODUCT_BUNDLE_IDENTIFIER = stkim.MyFirstApp;
				PRODUCT_NAME = "$(TARGET_NAME)";
				SWIFT_EMIT_LOC_STRINGS = YES;
				SWIFT_VERSION = 5.0;
				TARGETED_DEVICE_FAMILY = "1,2";
			};
			name = Release;
		};
		9CAFD4B629B22C3900FBEA9C /* Debug */ = {
			isa = XCBuildConfiguration;
			buildSettings = {
				ALWAYS_EMBED_SWIFT_STANDARD_LIBRARIES = YES;
				BUNDLE_LOADER = "$(TEST_HOST)";
				CODE_SIGN_STYLE = Automatic;
				CURRENT_PROJECT_VERSION = 1;
				GENERATE_INFOPLIST_FILE = YES;
				IPHONEOS_DEPLOYMENT_TARGET = 16.2;
				MARKETING_VERSION = 1.0;
				PRODUCT_BUNDLE_IDENTIFIER = stkim.MyFirstAppTests;
				PRODUCT_NAME = "$(TARGET_NAME)";
				SWIFT_EMIT_LOC_STRINGS = NO;
				SWIFT_VERSION = 5.0;
				TARGETED_DEVICE_FAMILY = "1,2";
				TEST_HOST = "$(BUILT_PRODUCTS_DIR)/MyFirstApp.app/$(BUNDLE_EXECUTABLE_FOLDER_PATH)/MyFirstApp";
			};
			name = Debug;
		};
		9CAFD4B729B22C3900FBEA9C /* Release */ = {
			isa = XCBuildConfiguration;
			buildSettings = {
				ALWAYS_EMBED_SWIFT_STANDARD_LIBRARIES = YES;
				BUNDLE_LOADER = "$(TEST_HOST)";
				CODE_SIGN_STYLE = Automatic;
				CURRENT_PROJECT_VERSION = 1;
				GENERATE_INFOPLIST_FILE = YES;
				IPHONEOS_DEPLOYMENT_TARGET = 16.2;
				MARKETING_VERSION = 1.0;
				PRODUCT_BUNDLE_IDENTIFIER = stkim.MyFirstAppTests;
				PRODUCT_NAME = "$(TARGET_NAME)";
				SWIFT_EMIT_LOC_STRINGS = NO;
				SWIFT_VERSION = 5.0;
				TARGETED_DEVICE_FAMILY = "1,2";
				TEST_HOST = "$(BUILT_PRODUCTS_DIR)/MyFirstApp.app/$(BUNDLE_EXECUTABLE_FOLDER_PATH)/MyFirstApp";
			};
			name = Release;
		};
		9CAFD4B929B22C3900FBEA9C /* Debug */ = {
			isa = XCBuildConfiguration;
			buildSettings = {
				ALWAYS_EMBED_SWIFT_STANDARD_LIBRARIES = YES;
				CODE_SIGN_STYLE = Automatic;
				CURRENT_PROJECT_VERSION = 1;
				GENERATE_INFOPLIST_FILE = YES;
				MARKETING_VERSION = 1.0;
				PRODUCT_BUNDLE_IDENTIFIER = stkim.MyFirstAppUITests;
				PRODUCT_NAME = "$(TARGET_NAME)";
				SWIFT_EMIT_LOC_STRINGS = NO;
				SWIFT_VERSION = 5.0;
				TARGETED_DEVICE_FAMILY = "1,2";
				TEST_TARGET_NAME = MyFirstApp;
			};
			name = Debug;
		};
		9CAFD4BA29B22C3900FBEA9C /* Release */ = {
			isa = XCBuildConfiguration;
			buildSettings = {
				ALWAYS_EMBED_SWIFT_STANDARD_LIBRARIES = YES;
				CODE_SIGN_STYLE = Automatic;
				CURRENT_PROJECT_VERSION = 1;
				GENERATE_INFOPLIST_FILE = YES;
				MARKETING_VERSION = 1.0;
				PRODUCT_BUNDLE_IDENTIFIER = stkim.MyFirstAppUITests;
				PRODUCT_NAME = "$(TARGET_NAME)";
				SWIFT_EMIT_LOC_STRINGS = NO;
				SWIFT_VERSION = 5.0;
				TARGETED_DEVICE_FAMILY = "1,2";
				TEST_TARGET_NAME = MyFirstApp;
			};
			name = Release;
		};
/* End XCBuildConfiguration section */

/* Begin XCConfigurationList section */
		9CAFD48329B22C3700FBEA9C /* Build configuration list for PBXProject "MyFirstApp" */ = {
			isa = XCConfigurationList;
			buildConfigurations = (
				9CAFD4B029B22C3900FBEA9C /* Debug */,
				9CAFD4B129B22C3900FBEA9C /* Release */,
			);
			defaultConfigurationIsVisible = 0;
			defaultConfigurationName = Release;
		};
		9CAFD4B229B22C3900FBEA9C /* Build configuration list for PBXNativeTarget "MyFirstApp" */ = {
			isa = XCConfigurationList;
			buildConfigurations = (
				9CAFD4B329B22C3900FBEA9C /* Debug */,
				9CAFD4B429B22C3900FBEA9C /* Release */,
			);
			defaultConfigurationIsVisible = 0;
			defaultConfigurationName = Release;
		};
		9CAFD4B529B22C3900FBEA9C /* Build configuration list for PBXNativeTarget "MyFirstAppTests" */ = {
			isa = XCConfigurationList;
			buildConfigurations = (
				9CAFD4B629B22C3900FBEA9C /* Debug */,
				9CAFD4B729B22C3900FBEA9C /* Release */,
			);
			defaultConfigurationIsVisible = 0;
			defaultConfigurationName = Release;
		};
		9CAFD4B829B22C3900FBEA9C /* Build configuration list for PBXNativeTarget "MyFirstAppUITests" */ = {
			isa = XCConfigurationList;
			buildConfigurations = (
				9CAFD4B929B22C3900FBEA9C /* Debug */,
				9CAFD4BA29B22C3900FBEA9C /* Release */,
			);
			defaultConfigurationIsVisible = 0;
			defaultConfigurationName = Release;
		};
/* End XCConfigurationList section */
	};
	rootObject = 9CAFD48029B22C3700FBEA9C /* Project object */;
}
